// !$*UTF8*$!
{
	archiveVersion = 1;
	classes = {
	};
	objectVersion = 46;
	objects = {

/* Begin PBXBuildFile section */
		140AC5EE1DCD08BB000FD978 /* EndExperimentVC.swift in Sources */ = {isa = PBXBuildFile; fileRef = 140AC5ED1DCD08BB000FD978 /* EndExperimentVC.swift */; };
		142EEC941DB9021700E4AB0D /* AppDelegate.swift in Sources */ = {isa = PBXBuildFile; fileRef = 142EEC931DB9021700E4AB0D /* AppDelegate.swift */; };
		142EEC991DB9021700E4AB0D /* Main.storyboard in Resources */ = {isa = PBXBuildFile; fileRef = 142EEC971DB9021700E4AB0D /* Main.storyboard */; };
		142EEC9B1DB9021700E4AB0D /* Assets.xcassets in Resources */ = {isa = PBXBuildFile; fileRef = 142EEC9A1DB9021700E4AB0D /* Assets.xcassets */; };
		142EEC9E1DB9021700E4AB0D /* LaunchScreen.storyboard in Resources */ = {isa = PBXBuildFile; fileRef = 142EEC9C1DB9021700E4AB0D /* LaunchScreen.storyboard */; };
		142EECAA1DB90BA600E4AB0D /* Stimuli.swift in Sources */ = {isa = PBXBuildFile; fileRef = 142EECA91DB90BA600E4AB0D /* Stimuli.swift */; };
		14453DE41E98175A00C5A0A5 /* footprint.png in Resources */ = {isa = PBXBuildFile; fileRef = 14453DE31E98175A00C5A0A5 /* footprint.png */; };
		14453DE61E981BB100C5A0A5 /* coin.png in Resources */ = {isa = PBXBuildFile; fileRef = 14453DE51E981BB100C5A0A5 /* coin.png */; };
		14453DEA1E98339700C5A0A5 /* treasure.png in Resources */ = {isa = PBXBuildFile; fileRef = 14453DE91E98339700C5A0A5 /* treasure.png */; };
		145779B61E9E9B1900714BC9 /* pond.png in Resources */ = {isa = PBXBuildFile; fileRef = 145779B31E9E9B1900714BC9 /* pond.png */; };
		145779BB1E9E9DFC00714BC9 /* forest.png in Resources */ = {isa = PBXBuildFile; fileRef = 145779B81E9E9DFB00714BC9 /* forest.png */; };
		145779BD1E9E9DFC00714BC9 /* park1.png in Resources */ = {isa = PBXBuildFile; fileRef = 145779BA1E9E9DFB00714BC9 /* park1.png */; };
		1475F0C81E9579CE00D10B5C /* couch s3n6.png in Resources */ = {isa = PBXBuildFile; fileRef = 1475F0C71E9579CE00D10B5C /* couch s3n6.png */; };
		1485BBD31E968C75002F0281 /* Furniture - opening slide.png in Resources */ = {isa = PBXBuildFile; fileRef = 1485BBD21E968C75002F0281 /* Furniture - opening slide.png */; };
		1485BBD51E968D44002F0281 /* chair s2n2.png in Resources */ = {isa = PBXBuildFile; fileRef = 1485BBD41E968D44002F0281 /* chair s2n2.png */; };
		1485BBD71E968D51002F0281 /* bed s2n2.png in Resources */ = {isa = PBXBuildFile; fileRef = 1485BBD61E968D51002F0281 /* bed s2n2.png */; };
		149345C91DD504F60018A792 /* Trial.swift in Sources */ = {isa = PBXBuildFile; fileRef = 149345C81DD504F60018A792 /* Trial.swift */; };
		14BE95461E9297470092619F /* FurnitureVC.swift in Sources */ = {isa = PBXBuildFile; fileRef = 14BE95451E9297470092619F /* FurnitureVC.swift */; };
		14BE95481E92A0430092619F /* Boy.png in Resources */ = {isa = PBXBuildFile; fileRef = 14BE95471E92A0430092619F /* Boy.png */; };
		14BE954A1E92A04A0092619F /* Girl.png in Resources */ = {isa = PBXBuildFile; fileRef = 14BE95491E92A04A0092619F /* Girl.png */; };
		14BE954C1E92A4C90092619F /* stimuli in Resources */ = {isa = PBXBuildFile; fileRef = 14BE954B1E92A4C90092619F /* stimuli */; };
		416F34A39657B7DD3EA78B71 /* Pods_furniturek2.framework in Frameworks */ = {isa = PBXBuildFile; fileRef = 44C4755BC7101495F0DB826E /* Pods_furniturek2.framework */; };
		990D063D1DC8FDD80091B878 /* IntroVC.swift in Sources */ = {isa = PBXBuildFile; fileRef = 990D063C1DC8FDD80091B878 /* IntroVC.swift */; };
		990D063F1DC8FE280091B878 /* SetupVC.swift in Sources */ = {isa = PBXBuildFile; fileRef = 990D063E1DC8FE280091B878 /* SetupVC.swift */; };
/* End PBXBuildFile section */

/* Begin PBXFileReference section */
		140AC5ED1DCD08BB000FD978 /* EndExperimentVC.swift */ = {isa = PBXFileReference; fileEncoding = 4; lastKnownFileType = sourcecode.swift; path = EndExperimentVC.swift; sourceTree = "<group>"; };
		142EEC901DB9021700E4AB0D /* furniturek2.app */ = {isa = PBXFileReference; explicitFileType = wrapper.application; includeInIndex = 0; path = furniturek2.app; sourceTree = BUILT_PRODUCTS_DIR; };
		142EEC931DB9021700E4AB0D /* AppDelegate.swift */ = {isa = PBXFileReference; lastKnownFileType = sourcecode.swift; path = AppDelegate.swift; sourceTree = "<group>"; };
		142EEC981DB9021700E4AB0D /* Base */ = {isa = PBXFileReference; lastKnownFileType = file.storyboard; name = Base; path = Base.lproj/Main.storyboard; sourceTree = "<group>"; };
		142EEC9A1DB9021700E4AB0D /* Assets.xcassets */ = {isa = PBXFileReference; lastKnownFileType = folder.assetcatalog; path = Assets.xcassets; sourceTree = "<group>"; };
		142EEC9D1DB9021700E4AB0D /* Base */ = {isa = PBXFileReference; lastKnownFileType = file.storyboard; name = Base; path = Base.lproj/LaunchScreen.storyboard; sourceTree = "<group>"; };
		142EEC9F1DB9021700E4AB0D /* Info.plist */ = {isa = PBXFileReference; lastKnownFileType = text.plist.xml; path = Info.plist; sourceTree = "<group>"; };
		142EECA91DB90BA600E4AB0D /* Stimuli.swift */ = {isa = PBXFileReference; fileEncoding = 4; lastKnownFileType = sourcecode.swift; path = Stimuli.swift; sourceTree = "<group>"; };
		14453DE31E98175A00C5A0A5 /* footprint.png */ = {isa = PBXFileReference; lastKnownFileType = image.png; path = footprint.png; sourceTree = "<group>"; };
		14453DE51E981BB100C5A0A5 /* coin.png */ = {isa = PBXFileReference; lastKnownFileType = image.png; path = coin.png; sourceTree = "<group>"; };
		14453DE91E98339700C5A0A5 /* treasure.png */ = {isa = PBXFileReference; lastKnownFileType = image.png; path = treasure.png; sourceTree = "<group>"; };
		145779B31E9E9B1900714BC9 /* pond.png */ = {isa = PBXFileReference; lastKnownFileType = image.png; path = pond.png; sourceTree = "<group>"; };
		145779B81E9E9DFB00714BC9 /* forest.png */ = {isa = PBXFileReference; lastKnownFileType = image.png; path = forest.png; sourceTree = "<group>"; };
		145779BA1E9E9DFB00714BC9 /* park1.png */ = {isa = PBXFileReference; lastKnownFileType = image.png; path = park1.png; sourceTree = "<group>"; };
		1475F0C71E9579CE00D10B5C /* couch s3n6.png */ = {isa = PBXFileReference; lastKnownFileType = image.png; path = "couch s3n6.png"; sourceTree = "<group>"; };
		1485BBD21E968C75002F0281 /* Furniture - opening slide.png */ = {isa = PBXFileReference; lastKnownFileType = image.png; path = "Furniture - opening slide.png"; sourceTree = "<group>"; };
		1485BBD41E968D44002F0281 /* chair s2n2.png */ = {isa = PBXFileReference; lastKnownFileType = image.png; path = "chair s2n2.png"; sourceTree = "<group>"; };
		1485BBD61E968D51002F0281 /* bed s2n2.png */ = {isa = PBXFileReference; lastKnownFileType = image.png; path = "bed s2n2.png"; sourceTree = "<group>"; };
		149345C81DD504F60018A792 /* Trial.swift */ = {isa = PBXFileReference; fileEncoding = 4; lastKnownFileType = sourcecode.swift; path = Trial.swift; sourceTree = "<group>"; };
		14BE95451E9297470092619F /* FurnitureVC.swift */ = {isa = PBXFileReference; fileEncoding = 4; lastKnownFileType = sourcecode.swift; path = FurnitureVC.swift; sourceTree = "<group>"; };
		14BE95471E92A0430092619F /* Boy.png */ = {isa = PBXFileReference; lastKnownFileType = image.png; path = Boy.png; sourceTree = "<group>"; };
		14BE95491E92A04A0092619F /* Girl.png */ = {isa = PBXFileReference; lastKnownFileType = image.png; path = Girl.png; sourceTree = "<group>"; };
		14BE954B1E92A4C90092619F /* stimuli */ = {isa = PBXFileReference; lastKnownFileType = folder; path = stimuli; sourceTree = "<group>"; };
		2E7020A3F8B60F1E2C356A6D /* Pods-furniturek.debug.xcconfig */ = {isa = PBXFileReference; includeInIndex = 1; lastKnownFileType = text.xcconfig; name = "Pods-furniturek.debug.xcconfig"; path = "Pods/Target Support Files/Pods-furniturek/Pods-furniturek.debug.xcconfig"; sourceTree = "<group>"; };
		44C4755BC7101495F0DB826E /* Pods_furniturek2.framework */ = {isa = PBXFileReference; explicitFileType = wrapper.framework; includeInIndex = 0; path = Pods_furniturek2.framework; sourceTree = BUILT_PRODUCTS_DIR; };
		5B28FB83541CB93D9C95C8FA /* Pods-furniturek.release.xcconfig */ = {isa = PBXFileReference; includeInIndex = 1; lastKnownFileType = text.xcconfig; name = "Pods-furniturek.release.xcconfig"; path = "Pods/Target Support Files/Pods-furniturek/Pods-furniturek.release.xcconfig"; sourceTree = "<group>"; };
		71E9C6043591429C259879EA /* Pods-furniturek2.debug.xcconfig */ = {isa = PBXFileReference; includeInIndex = 1; lastKnownFileType = text.xcconfig; name = "Pods-furniturek2.debug.xcconfig"; path = "Pods/Target Support Files/Pods-furniturek2/Pods-furniturek2.debug.xcconfig"; sourceTree = "<group>"; };
		8DD7E723AF65B82D4AB2DAB9 /* Pods-furniturek2.release.xcconfig */ = {isa = PBXFileReference; includeInIndex = 1; lastKnownFileType = text.xcconfig; name = "Pods-furniturek2.release.xcconfig"; path = "Pods/Target Support Files/Pods-furniturek2/Pods-furniturek2.release.xcconfig"; sourceTree = "<group>"; };
		990D063C1DC8FDD80091B878 /* IntroVC.swift */ = {isa = PBXFileReference; fileEncoding = 4; lastKnownFileType = sourcecode.swift; path = IntroVC.swift; sourceTree = "<group>"; };
		990D063E1DC8FE280091B878 /* SetupVC.swift */ = {isa = PBXFileReference; fileEncoding = 4; lastKnownFileType = sourcecode.swift; path = SetupVC.swift; sourceTree = "<group>"; };
/* End PBXFileReference section */

/* Begin PBXFrameworksBuildPhase section */
		142EEC8D1DB9021700E4AB0D /* Frameworks */ = {
			isa = PBXFrameworksBuildPhase;
			buildActionMask = 2147483647;
			files = (
				416F34A39657B7DD3EA78B71 /* Pods_furniturek2.framework in Frameworks */,
			);
			runOnlyForDeploymentPostprocessing = 0;
		};
/* End PBXFrameworksBuildPhase section */

/* Begin PBXGroup section */
		142EEC871DB9021700E4AB0D = {
			isa = PBXGroup;
			children = (
				142EEC921DB9021700E4AB0D /* furniturek2 */,
				142EEC911DB9021700E4AB0D /* Products */,
				1485BBD21E968C75002F0281 /* Furniture - opening slide.png */,
				1485BBD61E968D51002F0281 /* bed s2n2.png */,
				1485BBD41E968D44002F0281 /* chair s2n2.png */,
				1475F0C71E9579CE00D10B5C /* couch s3n6.png */,
				14BE954B1E92A4C90092619F /* stimuli */,
				990D06391DC8FB8C0091B878 /* characters */,
				B82AF9674ACE1DB8B42666D0 /* Pods */,
				62F59836E2983996E3A91D8F /* Frameworks */,
			);
			sourceTree = "<group>";
		};
		142EEC911DB9021700E4AB0D /* Products */ = {
			isa = PBXGroup;
			children = (
				142EEC901DB9021700E4AB0D /* furniturek2.app */,
			);
			name = Products;
			sourceTree = "<group>";
		};
		142EEC921DB9021700E4AB0D /* furniturek2 */ = {
			isa = PBXGroup;
			children = (
				142EEC931DB9021700E4AB0D /* AppDelegate.swift */,
				990D063E1DC8FE280091B878 /* SetupVC.swift */,
				990D063C1DC8FDD80091B878 /* IntroVC.swift */,
				14BE95451E9297470092619F /* FurnitureVC.swift */,
				140AC5ED1DCD08BB000FD978 /* EndExperimentVC.swift */,
				142EEC971DB9021700E4AB0D /* Main.storyboard */,
				142EEC9A1DB9021700E4AB0D /* Assets.xcassets */,
				142EEC9C1DB9021700E4AB0D /* LaunchScreen.storyboard */,
				142EEC9F1DB9021700E4AB0D /* Info.plist */,
				142EECAB1DB90BCA00E4AB0D /* Models */,
			);
			path = furniturek2;
			sourceTree = "<group>";
		};
		142EECAB1DB90BCA00E4AB0D /* Models */ = {
			isa = PBXGroup;
			children = (
				149345C81DD504F60018A792 /* Trial.swift */,
				142EECA91DB90BA600E4AB0D /* Stimuli.swift */,
			);
			name = Models;
			sourceTree = "<group>";
		};
		62F59836E2983996E3A91D8F /* Frameworks */ = {
			isa = PBXGroup;
			children = (
				44C4755BC7101495F0DB826E /* Pods_furniturek2.framework */,
			);
			name = Frameworks;
			sourceTree = "<group>";
		};
		990D06391DC8FB8C0091B878 /* characters */ = {
			isa = PBXGroup;
			children = (
				14BE95471E92A0430092619F /* Boy.png */,
				14BE95491E92A04A0092619F /* Girl.png */,
				145779B81E9E9DFB00714BC9 /* forest.png */,
				145779BA1E9E9DFB00714BC9 /* park1.png */,
				145779B31E9E9B1900714BC9 /* pond.png */,
				14453DE51E981BB100C5A0A5 /* coin.png */,
				14453DE31E98175A00C5A0A5 /* footprint.png */,
				14453DE91E98339700C5A0A5 /* treasure.png */,
			);
			name = characters;
			sourceTree = "<group>";
		};
		B82AF9674ACE1DB8B42666D0 /* Pods */ = {
			isa = PBXGroup;
			children = (
				2E7020A3F8B60F1E2C356A6D /* Pods-furniturek.debug.xcconfig */,
				5B28FB83541CB93D9C95C8FA /* Pods-furniturek.release.xcconfig */,
				71E9C6043591429C259879EA /* Pods-furniturek2.debug.xcconfig */,
				8DD7E723AF65B82D4AB2DAB9 /* Pods-furniturek2.release.xcconfig */,
			);
			name = Pods;
			sourceTree = "<group>";
		};
/* End PBXGroup section */

/* Begin PBXNativeTarget section */
		142EEC8F1DB9021700E4AB0D /* furniturek2 */ = {
			isa = PBXNativeTarget;
			buildConfigurationList = 142EECA21DB9021700E4AB0D /* Build configuration list for PBXNativeTarget "furniturek2" */;
			buildPhases = (
				6962AFE4011F0C89335870CB /* [CP] Check Pods Manifest.lock */,
				142EEC8C1DB9021700E4AB0D /* Sources */,
				142EEC8D1DB9021700E4AB0D /* Frameworks */,
				142EEC8E1DB9021700E4AB0D /* Resources */,
				C722EC8C5987D72BB3506DF3 /* [CP] Embed Pods Frameworks */,
				B5C49CD0D433A1F726974D1F /* [CP] Copy Pods Resources */,
			);
			buildRules = (
			);
			dependencies = (
			);
			name = furniturek2;
			productName = lgsdotsk;
			productReference = 142EEC901DB9021700E4AB0D /* furniturek2.app */;
			productType = "com.apple.product-type.application";
		};
/* End PBXNativeTarget section */

/* Begin PBXProject section */
		142EEC881DB9021700E4AB0D /* Project object */ = {
			isa = PBXProject;
			attributes = {
				LastSwiftUpdateCheck = 0800;
				LastUpgradeCheck = 0810;
				ORGANIZATIONNAME = ccolby;
				TargetAttributes = {
					142EEC8F1DB9021700E4AB0D = {
						CreatedOnToolsVersion = 8.0;
						DevelopmentTeam = EBDDQEQXX7;
						ProvisioningStyle = Automatic;
					};
				};
			};
			buildConfigurationList = 142EEC8B1DB9021700E4AB0D /* Build configuration list for PBXProject "furniturek2" */;
			compatibilityVersion = "Xcode 3.2";
			developmentRegion = English;
			hasScannedForEncodings = 0;
			knownRegions = (
				en,
				Base,
			);
			mainGroup = 142EEC871DB9021700E4AB0D;
			productRefGroup = 142EEC911DB9021700E4AB0D /* Products */;
			projectDirPath = "";
			projectRoot = "";
			targets = (
				142EEC8F1DB9021700E4AB0D /* furniturek2 */,
			);
		};
/* End PBXProject section */

/* Begin PBXResourcesBuildPhase section */
		142EEC8E1DB9021700E4AB0D /* Resources */ = {
			isa = PBXResourcesBuildPhase;
			buildActionMask = 2147483647;
			files = (
				142EEC9E1DB9021700E4AB0D /* LaunchScreen.storyboard in Resources */,
				14453DE41E98175A00C5A0A5 /* footprint.png in Resources */,
				14BE95481E92A0430092619F /* Boy.png in Resources */,
				142EEC9B1DB9021700E4AB0D /* Assets.xcassets in Resources */,
				1485BBD31E968C75002F0281 /* Furniture - opening slide.png in Resources */,
				14453DE61E981BB100C5A0A5 /* coin.png in Resources */,
				14BE954A1E92A04A0092619F /* Girl.png in Resources */,
				145779BB1E9E9DFC00714BC9 /* forest.png in Resources */,
				1475F0C81E9579CE00D10B5C /* couch s3n6.png in Resources */,
				14453DEA1E98339700C5A0A5 /* treasure.png in Resources */,
				1485BBD51E968D44002F0281 /* chair s2n2.png in Resources */,
				145779BD1E9E9DFC00714BC9 /* park1.png in Resources */,
				145779B61E9E9B1900714BC9 /* pond.png in Resources */,
				14BE954C1E92A4C90092619F /* stimuli in Resources */,
				142EEC991DB9021700E4AB0D /* Main.storyboard in Resources */,
				1485BBD71E968D51002F0281 /* bed s2n2.png in Resources */,
			);
			runOnlyForDeploymentPostprocessing = 0;
		};
/* End PBXResourcesBuildPhase section */

/* Begin PBXShellScriptBuildPhase section */
		6962AFE4011F0C89335870CB /* [CP] Check Pods Manifest.lock */ = {
			isa = PBXShellScriptBuildPhase;
			buildActionMask = 2147483647;
			files = (
			);
			inputPaths = (
			);
			name = "[CP] Check Pods Manifest.lock";
			outputPaths = (
			);
			runOnlyForDeploymentPostprocessing = 0;
			shellPath = /bin/sh;
			shellScript = "diff \"${PODS_ROOT}/../Podfile.lock\" \"${PODS_ROOT}/Manifest.lock\" > /dev/null\nif [ $? != 0 ] ; then\n    # print error to STDERR\n    echo \"error: The sandbox is not in sync with the Podfile.lock. Run 'pod install' or update your CocoaPods installation.\" >&2\n    exit 1\nfi\n";
			showEnvVarsInLog = 0;
		};
		B5C49CD0D433A1F726974D1F /* [CP] Copy Pods Resources */ = {
			isa = PBXShellScriptBuildPhase;
			buildActionMask = 2147483647;
			files = (
			);
			inputPaths = (
			);
			name = "[CP] Copy Pods Resources";
			outputPaths = (
			);
			runOnlyForDeploymentPostprocessing = 0;
			shellPath = /bin/sh;
			shellScript = "\"${SRCROOT}/Pods/Target Support Files/Pods-furniturek2/Pods-furniturek2-resources.sh\"\n";
			showEnvVarsInLog = 0;
		};
		C722EC8C5987D72BB3506DF3 /* [CP] Embed Pods Frameworks */ = {
			isa = PBXShellScriptBuildPhase;
			buildActionMask = 2147483647;
			files = (
			);
			inputPaths = (
			);
			name = "[CP] Embed Pods Frameworks";
			outputPaths = (
			);
			runOnlyForDeploymentPostprocessing = 0;
			shellPath = /bin/sh;
			shellScript = "\"${SRCROOT}/Pods/Target Support Files/Pods-furniturek2/Pods-furniturek2-frameworks.sh\"\n";
			showEnvVarsInLog = 0;
		};
/* End PBXShellScriptBuildPhase section */

/* Begin PBXSourcesBuildPhase section */
		142EEC8C1DB9021700E4AB0D /* Sources */ = {
			isa = PBXSourcesBuildPhase;
			buildActionMask = 2147483647;
			files = (
				149345C91DD504F60018A792 /* Trial.swift in Sources */,
				990D063D1DC8FDD80091B878 /* IntroVC.swift in Sources */,
				990D063F1DC8FE280091B878 /* SetupVC.swift in Sources */,
				142EEC941DB9021700E4AB0D /* AppDelegate.swift in Sources */,
				142EECAA1DB90BA600E4AB0D /* Stimuli.swift in Sources */,
				14BE95461E9297470092619F /* FurnitureVC.swift in Sources */,
				140AC5EE1DCD08BB000FD978 /* EndExperimentVC.swift in Sources */,
			);
			runOnlyForDeploymentPostprocessing = 0;
		};
/* End PBXSourcesBuildPhase section */

/* Begin PBXVariantGroup section */
		142EEC971DB9021700E4AB0D /* Main.storyboard */ = {
			isa = PBXVariantGroup;
			children = (
				142EEC981DB9021700E4AB0D /* Base */,
			);
			name = Main.storyboard;
			sourceTree = "<group>";
		};
		142EEC9C1DB9021700E4AB0D /* LaunchScreen.storyboard */ = {
			isa = PBXVariantGroup;
			children = (
				142EEC9D1DB9021700E4AB0D /* Base */,
			);
			name = LaunchScreen.storyboard;
			sourceTree = "<group>";
		};
/* End PBXVariantGroup section */

/* Begin XCBuildConfiguration section */
		142EECA01DB9021700E4AB0D /* Debug */ = {
			isa = XCBuildConfiguration;
			buildSettings = {
				ALWAYS_EMBED_SWIFT_STANDARD_LIBRARIES = NO;
				ALWAYS_SEARCH_USER_PATHS = NO;
				CLANG_ANALYZER_NONNULL = YES;
				CLANG_CXX_LANGUAGE_STANDARD = "gnu++0x";
				CLANG_CXX_LIBRARY = "libc++";
				CLANG_ENABLE_MODULES = YES;
				CLANG_ENABLE_OBJC_ARC = YES;
				CLANG_WARN_BOOL_CONVERSION = YES;
				CLANG_WARN_CONSTANT_CONVERSION = YES;
				CLANG_WARN_DIRECT_OBJC_ISA_USAGE = YES_ERROR;
				CLANG_WARN_DOCUMENTATION_COMMENTS = YES;
				CLANG_WARN_EMPTY_BODY = YES;
				CLANG_WARN_ENUM_CONVERSION = YES;
				CLANG_WARN_INFINITE_RECURSION = YES;
				CLANG_WARN_INT_CONVERSION = YES;
				CLANG_WARN_OBJC_ROOT_CLASS = YES_ERROR;
				CLANG_WARN_SUSPICIOUS_MOVE = YES;
				CLANG_WARN_SUSPICIOUS_MOVES = YES;
				CLANG_WARN_UNREACHABLE_CODE = YES;
				CLANG_WARN__DUPLICATE_METHOD_MATCH = YES;
				"CODE_SIGN_IDENTITY[sdk=iphoneos*]" = "iPhone Developer";
				COPY_PHASE_STRIP = NO;
				DEBUG_INFORMATION_FORMAT = dwarf;
				ENABLE_STRICT_OBJC_MSGSEND = YES;
				ENABLE_TESTABILITY = YES;
				GCC_C_LANGUAGE_STANDARD = gnu99;
				GCC_DYNAMIC_NO_PIC = NO;
				GCC_NO_COMMON_BLOCKS = YES;
				GCC_OPTIMIZATION_LEVEL = 0;
				GCC_PREPROCESSOR_DEFINITIONS = (
					"DEBUG=1",
					"$(inherited)",
				);
				GCC_WARN_64_TO_32_BIT_CONVERSION = YES;
				GCC_WARN_ABOUT_RETURN_TYPE = YES_ERROR;
				GCC_WARN_UNDECLARED_SELECTOR = YES;
				GCC_WARN_UNINITIALIZED_AUTOS = YES_AGGRESSIVE;
				GCC_WARN_UNUSED_FUNCTION = YES;
				GCC_WARN_UNUSED_VARIABLE = YES;
				IPHONEOS_DEPLOYMENT_TARGET = 9.3;
				MTL_ENABLE_DEBUG_INFO = YES;
				ONLY_ACTIVE_ARCH = YES;
				SDKROOT = iphoneos;
				SWIFT_ACTIVE_COMPILATION_CONDITIONS = DEBUG;
				SWIFT_OPTIMIZATION_LEVEL = "-Onone";
				TARGETED_DEVICE_FAMILY = 2;
			};
			name = Debug;
		};
		142EECA11DB9021700E4AB0D /* Release */ = {
			isa = XCBuildConfiguration;
			buildSettings = {
				ALWAYS_EMBED_SWIFT_STANDARD_LIBRARIES = NO;
				ALWAYS_SEARCH_USER_PATHS = NO;
				CLANG_ANALYZER_NONNULL = YES;
				CLANG_CXX_LANGUAGE_STANDARD = "gnu++0x";
				CLANG_CXX_LIBRARY = "libc++";
				CLANG_ENABLE_MODULES = YES;
				CLANG_ENABLE_OBJC_ARC = YES;
				CLANG_WARN_BOOL_CONVERSION = YES;
				CLANG_WARN_CONSTANT_CONVERSION = YES;
				CLANG_WARN_DIRECT_OBJC_ISA_USAGE = YES_ERROR;
				CLANG_WARN_DOCUMENTATION_COMMENTS = YES;
				CLANG_WARN_EMPTY_BODY = YES;
				CLANG_WARN_ENUM_CONVERSION = YES;
				CLANG_WARN_INFINITE_RECURSION = YES;
				CLANG_WARN_INT_CONVERSION = YES;
				CLANG_WARN_OBJC_ROOT_CLASS = YES_ERROR;
				CLANG_WARN_SUSPICIOUS_MOVE = YES;
				CLANG_WARN_SUSPICIOUS_MOVES = YES;
				CLANG_WARN_UNREACHABLE_CODE = YES;
				CLANG_WARN__DUPLICATE_METHOD_MATCH = YES;
				"CODE_SIGN_IDENTITY[sdk=iphoneos*]" = "iPhone Developer";
				COPY_PHASE_STRIP = NO;
				DEBUG_INFORMATION_FORMAT = "dwarf-with-dsym";
				ENABLE_NS_ASSERTIONS = NO;
				ENABLE_STRICT_OBJC_MSGSEND = YES;
				GCC_C_LANGUAGE_STANDARD = gnu99;
				GCC_NO_COMMON_BLOCKS = YES;
				GCC_WARN_64_TO_32_BIT_CONVERSION = YES;
				GCC_WARN_ABOUT_RETURN_TYPE = YES_ERROR;
				GCC_WARN_UNDECLARED_SELECTOR = YES;
				GCC_WARN_UNINITIALIZED_AUTOS = YES_AGGRESSIVE;
				GCC_WARN_UNUSED_FUNCTION = YES;
				GCC_WARN_UNUSED_VARIABLE = YES;
				IPHONEOS_DEPLOYMENT_TARGET = 9.3;
				MTL_ENABLE_DEBUG_INFO = NO;
				SDKROOT = iphoneos;
				SWIFT_OPTIMIZATION_LEVEL = "-Owholemodule";
				TARGETED_DEVICE_FAMILY = 2;
				VALIDATE_PRODUCT = YES;
			};
			name = Release;
		};
		142EECA31DB9021700E4AB0D /* Debug */ = {
			isa = XCBuildConfiguration;
			baseConfigurationReference = 71E9C6043591429C259879EA /* Pods-furniturek2.debug.xcconfig */;
			buildSettings = {
				ASSETCATALOG_COMPILER_APPICON_NAME = AppIcon;
				DEVELOPMENT_TEAM = EBDDQEQXX7;
				INFOPLIST_FILE = furniturek2/Info.plist;
				LD_RUNPATH_SEARCH_PATHS = "$(inherited) @executable_path/Frameworks";
				PRODUCT_BUNDLE_IDENTIFIER = c.colby.furniturek2;
				PRODUCT_NAME = furniturek2;
				SWIFT_VERSION = 3.0;
			};
			name = Debug;
		};
		142EECA41DB9021700E4AB0D /* Release */ = {
			isa = XCBuildConfiguration;
			baseConfigurationReference = 8DD7E723AF65B82D4AB2DAB9 /* Pods-furniturek2.release.xcconfig */;
			buildSettings = {
				ASSETCATALOG_COMPILER_APPICON_NAME = AppIcon;
				DEVELOPMENT_TEAM = EBDDQEQXX7;
				INFOPLIST_FILE = furniturek2/Info.plist;
				LD_RUNPATH_SEARCH_PATHS = "$(inherited) @executable_path/Frameworks";
				PRODUCT_BUNDLE_IDENTIFIER = c.colby.furniturek2;
				PRODUCT_NAME = furniturek2;
				SWIFT_VERSION = 3.0;
			};
			name = Release;
		};
/* End XCBuildConfiguration section */

/* Begin XCConfigurationList section */
		142EEC8B1DB9021700E4AB0D /* Build configuration list for PBXProject "furniturek2" */ = {
			isa = XCConfigurationList;
			buildConfigurations = (
				142EECA01DB9021700E4AB0D /* Debug */,
				142EECA11DB9021700E4AB0D /* Release */,
			);
			defaultConfigurationIsVisible = 0;
			defaultConfigurationName = Release;
		};
		142EECA21DB9021700E4AB0D /* Build configuration list for PBXNativeTarget "furniturek2" */ = {
			isa = XCConfigurationList;
			buildConfigurations = (
				142EECA31DB9021700E4AB0D /* Debug */,
				142EECA41DB9021700E4AB0D /* Release */,
			);
			defaultConfigurationIsVisible = 0;
			defaultConfigurationName = Release;
		};
/* End XCConfigurationList section */
	};
	rootObject = 142EEC881DB9021700E4AB0D /* Project object */;
}
